
Microsoft Visual Studio Solution File, Format Version 12.00
# Visual Studio Version 17
VisualStudioVersion = 17.11.35222.181
MinimumVisualStudioVersion = 10.0.40219.1
Project("{9A19103F-16F7-4668-BE54-9A1E7A4F7556}") = "SwDc20.Core", "Src\SwDc20.Core\SwDc20.Core.csproj", "{2CC7FD71-2DB5-410E-A727-91F0CBAE3D4A}"
EndProject
Project("{9A19103F-16F7-4668-BE54-9A1E7A4F7556}") = "SwDc20.Infrastructure", "Src\SwDc20.Infrastructure\SwDc20.Infrastructure.csproj", "{74E13C0D-A74C-4C3B-A9BD-38711C250E83}"
EndProject
Project("{9A19103F-16F7-4668-BE54-9A1E7A4F7556}") = "SwDc20.UnitTests", "Src\SwDc20.UnitTests\SwDc20.UnitTests.csproj", "{A5ED5C1A-2D6B-4CC5-9396-8B5F1E709045}"
EndProject
Project("{FAE04EC0-301F-11D3-BF4B-00C04F79EFBC}") = "SwDc20.BlazorApplication", "Src\SwDc20.BlazorApplication\SwDc20.BlazorApplication.csproj", "{890F682F-39A9-4583-A22C-542D5FC6281A}"
EndProject
Global
	GlobalSection(SolutionConfigurationPlatforms) = preSolution
		Debug|Any CPU = Debug|Any CPU
		Release|Any CPU = Release|Any CPU
	EndGlobalSection
	GlobalSection(ProjectConfigurationPlatforms) = postSolution
		{2CC7FD71-2DB5-410E-A727-91F0CBAE3D4A}.Debug|Any CPU.ActiveCfg = Debug|Any CPU
		{2CC7FD71-2DB5-410E-A727-91F0CBAE3D4A}.Debug|Any CPU.Build.0 = Debug|Any CPU
		{2CC7FD71-2DB5-410E-A727-91F0CBAE3D4A}.Release|Any CPU.ActiveCfg = Release|Any CPU
		{2CC7FD71-2DB5-410E-A727-91F0CBAE3D4A}.Release|Any CPU.Build.0 = Release|Any CPU
		{74E13C0D-A74C-4C3B-A9BD-38711C250E83}.Debug|Any CPU.ActiveCfg = Debug|Any CPU
		{74E13C0D-A74C-4C3B-A9BD-38711C250E83}.Debug|Any CPU.Build.0 = Debug|Any CPU
		{74E13C0D-A74C-4C3B-A9BD-38711C250E83}.Release|Any CPU.ActiveCfg = Release|Any CPU
		{74E13C0D-A74C-4C3B-A9BD-38711C250E83}.Release|Any CPU.Build.0 = Release|Any CPU
		{A5ED5C1A-2D6B-4CC5-9396-8B5F1E709045}.Debug|Any CPU.ActiveCfg = Debug|Any CPU
		{A5ED5C1A-2D6B-4CC5-9396-8B5F1E709045}.Debug|Any CPU.Build.0 = Debug|Any CPU
		{A5ED5C1A-2D6B-4CC5-9396-8B5F1E709045}.Release|Any CPU.ActiveCfg = Release|Any CPU
		{A5ED5C1A-2D6B-4CC5-9396-8B5F1E709045}.Release|Any CPU.Build.0 = Release|Any CPU
		{890F682F-39A9-4583-A22C-542D5FC6281A}.Debug|Any CPU.ActiveCfg = Debug|Any CPU
		{890F682F-39A9-4583-A22C-542D5FC6281A}.Debug|Any CPU.Build.0 = Debug|Any CPU
		{890F682F-39A9-4583-A22C-542D5FC6281A}.Release|Any CPU.ActiveCfg = Release|Any CPU
		{890F682F-39A9-4583-A22C-542D5FC6281A}.Release|Any CPU.Build.0 = Release|Any CPU
	EndGlobalSection
	GlobalSection(SolutionProperties) = preSolution
		HideSolutionNode = FALSE
	EndGlobalSection
EndGlobal
