
Microsoft Visual Studio Solution File, Format Version 12.00
# Visual Studio Version 17
VisualStudioVersion = 17.0.31717.71
MinimumVisualStudioVersion = 10.0.40219.1
Project("{9A19103F-16F7-4668-BE54-9A1E7A4F7556}") = "SwDc20.MudBlazorApplication", "SwDc20.MudBlazorApplication.csproj", "{15DEF0D6-4DD2-4E52-B83C-190198E2EB20}"
EndProject
Global
	GlobalSection(SolutionConfigurationPlatforms) = preSolution
		Debug|Any CPU = Debug|Any CPU
		Release|Any CPU = Release|Any CPU
	EndGlobalSection
	GlobalSection(ProjectConfigurationPlatforms) = postSolution
		{15DEF0D6-4DD2-4E52-B83C-190198E2EB20}.Debug|Any CPU.ActiveCfg = Debug|Any CPU
		{15DEF0D6-4DD2-4E52-B83C-190198E2EB20}.Debug|Any CPU.Build.0 = Debug|Any CPU
		{15DEF0D6-4DD2-4E52-B83C-190198E2EB20}.Release|Any CPU.ActiveCfg = Release|Any CPU
		{15DEF0D6-4DD2-4E52-B83C-190198E2EB20}.Release|Any CPU.Build.0 = Release|Any CPU
	EndGlobalSection
	GlobalSection(SolutionProperties) = preSolution
		HideSolutionNode = FALSE
	EndGlobalSection
	GlobalSection(ExtensibilityGlobals) = postSolution
		SolutionGuid = {0898E56D-B9EA-498C-B936-B6A681C4E853}
	EndGlobalSection
EndGlobal